// !$*UTF8*$!
{
	archiveVersion = 1;
	classes = {
	};
	objectVersion = 46;
	objects = {

/* Begin PBXBuildFile section */
		6DBF42731AECD26700DD6AFD /* main.cpp in Sources */ = {isa = PBXBuildFile; fileRef = 6DBF42721AECD26700DD6AFD /* main.cpp */; };
/* End PBXBuildFile section */

/* Begin PBXCopyFilesBuildPhase section */
		6DBF426D1AECD26700DD6AFD /* CopyFiles */ = {
			isa = PBXCopyFilesBuildPhase;
			buildActionMask = 2147483647;
			dstPath = /usr/share/man/man1/;
			dstSubfolderSpec = 0;
			files = (
			);
			runOnlyForDeploymentPostprocessing = 1;
		};
/* End PBXCopyFilesBuildPhase section */

/* Begin PBXFileReference section */
		6DBF426F1AECD26700DD6AFD /* TEST_StringMath */ = {isa = PBXFileReference; explicitFileType = "compiled.mach-o.executable"; includeInIndex = 0; path = TEST_StringMath; sourceTree = BUILT_PRODUCTS_DIR; };
		6DBF42721AECD26700DD6AFD /* main.cpp */ = {isa = PBXFileReference; lastKnownFileType = sourcecode.cpp.cpp; path = main.cpp; sourceTree = "<group>"; };
		6DBF42791AECD79D00DD6AFD /* IsMatch.h */ = {isa = PBXFileReference; lastKnownFileType = sourcecode.c.h; path = IsMatch.h; sourceTree = "<group>"; };
/* End PBXFileReference section */

/* Begin PBXFrameworksBuildPhase section */
		6DBF426C1AECD26700DD6AFD /* Frameworks */ = {
			isa = PBXFrameworksBuildPhase;
			buildActionMask = 2147483647;
			files = (
			);
			runOnlyForDeploymentPostprocessing = 0;
		};
/* End PBXFrameworksBuildPhase section */

/* Begin PBXGroup section */
		6DBF42661AECD26700DD6AFD = {
			isa = PBXGroup;
			children = (
				6DBF42711AECD26700DD6AFD /* TEST_StringMath */,
				6DBF42701AECD26700DD6AFD /* Products */,
			);
			sourceTree = "<group>";
		};
		6DBF42701AECD26700DD6AFD /* Products */ = {
			isa = PBXGroup;
			children = (
				6DBF426F1AECD26700DD6AFD /* TEST_StringMath */,
			);
			name = Products;
			sourceTree = "<group>";
		};
		6DBF42711AECD26700DD6AFD /* TEST_StringMath */ = {
			isa = PBXGroup;
			children = (
				6DBF42721AECD26700DD6AFD /* main.cpp */,
				6DBF42791AECD79D00DD6AFD /* IsMatch.h */,
			);
			path = TEST_StringMath;
			sourceTree = "<group>";
		};
/* End PBXGroup section */

/* Begin PBXNativeTarget section */
		6DBF426E1AECD26700DD6AFD /* TEST_StringMath */ = {
			isa = PBXNativeTarget;
			buildConfigurationList = 6DBF42761AECD26700DD6AFD /* Build configuration list for PBXNativeTarget "TEST_StringMath" */;
			buildPhases = (
				6DBF426B1AECD26700DD6AFD /* Sources */,
				6DBF426C1AECD26700DD6AFD /* Frameworks */,
				6DBF426D1AECD26700DD6AFD /* CopyFiles */,
			);
			buildRules = (
			);
			dependencies = (
			);
			name = TEST_StringMath;
			productName = TEST_StringMath;
			productReference = 6DBF426F1AECD26700DD6AFD /* TEST_StringMath */;
			productType = "com.apple.product-type.tool";
		};
/* End PBXNativeTarget section */

/* Begin PBXProject section */
		6DBF42671AECD26700DD6AFD /* Project object */ = {
			isa = PBXProject;
			attributes = {
				LastUpgradeCheck = 0720;
				ORGANIZATIONNAME = "Niu Panfeng";
				TargetAttributes = {
					6DBF426E1AECD26700DD6AFD = {
						CreatedOnToolsVersion = 6.3.1;
					};
				};
			};
			buildConfigurationList = 6DBF426A1AECD26700DD6AFD /* Build configuration list for PBXProject "TEST_StringMath" */;
			compatibilityVersion = "Xcode 3.2";
			developmentRegion = English;
			hasScannedForEncodings = 0;
			knownRegions = (
				en,
			);
			mainGroup = 6DBF42661AECD26700DD6AFD;
			productRefGroup = 6DBF42701AECD26700DD6AFD /* Products */;
			projectDirPath = "";
			projectRoot = "";
			targets = (
				6DBF426E1AECD26700DD6AFD /* TEST_StringMath */,
			);
		};
/* End PBXProject section */

/* Begin PBXSourcesBuildPhase section */
		6DBF426B1AECD26700DD6AFD /* Sources */ = {
			isa = PBXSourcesBuildPhase;
			buildActionMask = 2147483647;
			files = (
				6DBF42731AECD26700DD6AFD /* main.cpp in Sources */,
			);
			runOnlyForDeploymentPostprocessing = 0;
		};
/* End PBXSourcesBuildPhase section */

/* Begin XCBuildConfiguration section */
		6DBF42741AECD26700DD6AFD /* Debug */ = {
			isa = XCBuildConfiguration;
			buildSettings = {
				ALWAYS_SEARCH_USER_PATHS = NO;
				CLANG_CXX_LANGUAGE_STANDARD = "gnu++0x";
				CLANG_CXX_LIBRARY = "libc++";
				CLANG_ENABLE_MODULES = YES;
				CLANG_ENABLE_OBJC_ARC = YES;
				CLANG_WARN_BOOL_CONVERSION = YES;
				CLANG_WARN_CONSTANT_CONVERSION = YES;
				CLANG_WARN_DIRECT_OBJC_ISA_USAGE = YES_ERROR;
				CLANG_WARN_EMPTY_BODY = YES;
				CLANG_WARN_ENUM_CONVERSION = YES;
				CLANG_WARN_INT_CONVERSION = YES;
				CLANG_WARN_OBJC_ROOT_CLASS = YES_ERROR;
				CLANG_WARN_UNREACHABLE_CODE = YES;
				CLANG_WARN__DUPLICATE_METHOD_MATCH = YES;
				COPY_PHASE_STRIP = NO;
				DEBUG_INFORMATION_FORMAT = dwarf;
				ENABLE_STRICT_OBJC_MSGSEND = YES;
				ENABLE_TESTABILITY = YES;
				GCC_C_LANGUAGE_STANDARD = gnu99;
				GCC_DYNAMIC_NO_PIC = NO;
				GCC_NO_COMMON_BLOCKS = YES;
				GCC_OPTIMIZATION_LEVEL = 0;
				GCC_PREPROCESSOR_DEFINITIONS = (
					"DEBUG=1",
					"$(inherited)",
				);
				GCC_SYMBOLS_PRIVATE_EXTERN = NO;
				GCC_WARN_64_TO_32_BIT_CONVERSION = YES;
				GCC_WARN_ABOUT_RETURN_TYPE = YES_ERROR;
				GCC_WARN_UNDECLARED_SELECTOR = YES;
				GCC_WARN_UNINITIALIZED_AUTOS = YES_AGGRESSIVE;
				GCC_WARN_UNUSED_FUNCTION = YES;
				GCC_WARN_UNUSED_VARIABLE = YES;
				MACOSX_DEPLOYMENT_TARGET = 10.10;
				MTL_ENABLE_DEBUG_INFO = YES;
				ONLY_ACTIVE_ARCH = YES;
				SDKROOT = macosx;
			};
			name = Debug;
		};
		6DBF42751AECD26700DD6AFD /* Release */ = {
			isa = XCBuildConfiguration;
			buildSettings = {
				ALWAYS_SEARCH_USER_PATHS = NO;
				CLANG_CXX_LANGUAGE_STANDARD = "gnu++0x";
				CLANG_CXX_LIBRARY = "libc++";
				CLANG_ENABLE_MODULES = YES;
				CLANG_ENABLE_OBJC_ARC = YES;
				CLANG_WARN_BOOL_CONVERSION = YES;
				CLANG_WARN_CONSTANT_CONVERSION = YES;
				CLANG_WARN_DIRECT_OBJC_ISA_USAGE = YES_ERROR;
				CLANG_WARN_EMPTY_BODY = YES;
				CLANG_WARN_ENUM_CONVERSION = YES;
				CLANG_WARN_INT_CONVERSION = YES;
				CLANG_WARN_OBJC_ROOT_CLASS = YES_ERROR;
				CLANG_WARN_UNREACHABLE_CODE = YES;
				CLANG_WARN__DUPLICATE_METHOD_MATCH = YES;
				COPY_PHASE_STRIP = NO;
				DEBUG_INFORMATION_FORMAT = "dwarf-with-dsym";
				ENABLE_NS_ASSERTIONS = NO;
				ENABLE_STRICT_OBJC_MSGSEND = YES;
				GCC_C_LANGUAGE_STANDARD = gnu99;
				GCC_NO_COMMON_BLOCKS = YES;
				GCC_WARN_64_TO_32_BIT_CONVERSION = YES;
				GCC_WARN_ABOUT_RETURN_TYPE = YES_ERROR;
				GCC_WARN_UNDECLARED_SELECTOR = YES;
				GCC_WARN_UNINITIALIZED_AUTOS = YES_AGGRESSIVE;
				GCC_WARN_UNUSED_FUNCTION = YES;
				GCC_WARN_UNUSED_VARIABLE = YES;
				MACOSX_DEPLOYMENT_TARGET = 10.10;
				MTL_ENABLE_DEBUG_INFO = NO;
				SDKROOT = macosx;
			};
			name = Release;
		};
		6DBF42771AECD26700DD6AFD /* Debug */ = {
			isa = XCBuildConfiguration;
			buildSettings = {
				PRODUCT_NAME = "$(TARGET_NAME)";
			};
			name = Debug;
		};
		6DBF42781AECD26700DD6AFD /* Release */ = {
			isa = XCBuildConfiguration;
			buildSettings = {
				PRODUCT_NAME = "$(TARGET_NAME)";
			};
			name = Release;
		};
/* End XCBuildConfiguration section */

/* Begin XCConfigurationList section */
		6DBF426A1AECD26700DD6AFD /* Build configuration list for PBXProject "TEST_StringMath" */ = {
			isa = XCConfigurationList;
			buildConfigurations = (
				6DBF42741AECD26700DD6AFD /* Debug */,
				6DBF42751AECD26700DD6AFD /* Release */,
			);
			defaultConfigurationIsVisible = 0;
			defaultConfigurationName = Release;
		};
		6DBF42761AECD26700DD6AFD /* Build configuration list for PBXNativeTarget "TEST_StringMath" */ = {
			isa = XCConfigurationList;
			buildConfigurations = (
				6DBF42771AECD26700DD6AFD /* Debug */,
				6DBF42781AECD26700DD6AFD /* Release */,
			);
			defaultConfigurationIsVisible = 0;
			defaultConfigurationName = Release;
		};
/* End XCConfigurationList section */
	};
	rootObject = 6DBF42671AECD26700DD6AFD /* Project object */;
}
